#MicroXplorer Configuration settings - do not modify
Dma.Request0=TIM1_CH1
Dma.Request1=TIM1_CH2
Dma.Request2=TIM1_CH3
Dma.Request3=TIM1_CH4/TRIG/COM
Dma.Request4=USART1_RX
Dma.Request5=SPI1_RX
Dma.RequestsNb=6
Dma.SPI1_RX.5.Direction=DMA_PERIPH_TO_MEMORY
Dma.SPI1_RX.5.Instance=DMA2_Channel3
Dma.SPI1_RX.5.MemDataAlignment=DMA_MDATAALIGN_BYTE
Dma.SPI1_RX.5.MemInc=DMA_MINC_ENABLE
Dma.SPI1_RX.5.Mode=DMA_NORMAL
Dma.SPI1_RX.5.PeriphDataAlignment=DMA_PDATAALIGN_BYTE
Dma.SPI1_RX.5.PeriphInc=DMA_PINC_DISABLE
Dma.SPI1_RX.5.Priority=DMA_PRIORITY_LOW
Dma.SPI1_RX.5.RequestParameters=Instance,Direction,PeriphInc,MemInc,PeriphDataAlignment,MemDataAlignment,Mode,Priority
Dma.TIM1_CH1.0.Direction=DMA_MEMORY_TO_PERIPH
Dma.TIM1_CH1.0.Instance=DMA1_Channel2
Dma.TIM1_CH1.0.MemDataAlignment=DMA_MDATAALIGN_BYTE
Dma.TIM1_CH1.0.MemInc=DMA_MINC_DISABLE
Dma.TIM1_CH1.0.Mode=DMA_CIRCULAR
Dma.TIM1_CH1.0.PeriphDataAlignment=DMA_PDATAALIGN_BYTE
Dma.TIM1_CH1.0.PeriphInc=DMA_PINC_DISABLE
Dma.TIM1_CH1.0.Priority=DMA_PRIORITY_VERY_HIGH
Dma.TIM1_CH1.0.RequestParameters=Instance,Direction,PeriphInc,MemInc,PeriphDataAlignment,MemDataAlignment,Mode,Priority
Dma.TIM1_CH2.1.Direction=DMA_MEMORY_TO_PERIPH
Dma.TIM1_CH2.1.Instance=DMA1_Channel3
Dma.TIM1_CH2.1.MemDataAlignment=DMA_MDATAALIGN_BYTE
Dma.TIM1_CH2.1.MemInc=DMA_MINC_DISABLE
Dma.TIM1_CH2.1.Mode=DMA_CIRCULAR
Dma.TIM1_CH2.1.PeriphDataAlignment=DMA_PDATAALIGN_BYTE
Dma.TIM1_CH2.1.PeriphInc=DMA_PINC_DISABLE
Dma.TIM1_CH2.1.Priority=DMA_PRIORITY_MEDIUM
Dma.TIM1_CH2.1.RequestParameters=Instance,Direction,PeriphInc,MemInc,PeriphDataAlignment,MemDataAlignment,Mode,Priority
Dma.TIM1_CH3.2.Direction=DMA_MEMORY_TO_PERIPH
Dma.TIM1_CH3.2.Instance=DMA1_Channel7
Dma.TIM1_CH3.2.MemDataAlignment=DMA_MDATAALIGN_BYTE
Dma.TIM1_CH3.2.MemInc=DMA_MINC_ENABLE
Dma.TIM1_CH3.2.Mode=DMA_NORMAL
Dma.TIM1_CH3.2.PeriphDataAlignment=DMA_PDATAALIGN_BYTE
Dma.TIM1_CH3.2.PeriphInc=DMA_PINC_DISABLE
Dma.TIM1_CH3.2.Priority=DMA_PRIORITY_VERY_HIGH
Dma.TIM1_CH3.2.RequestParameters=Instance,Direction,PeriphInc,MemInc,PeriphDataAlignment,MemDataAlignment,Mode,Priority
Dma.TIM1_CH4/TRIG/COM.3.Direction=DMA_MEMORY_TO_PERIPH
Dma.TIM1_CH4/TRIG/COM.3.Instance=DMA1_Channel4
Dma.TIM1_CH4/TRIG/COM.3.MemDataAlignment=DMA_MDATAALIGN_BYTE
Dma.TIM1_CH4/TRIG/COM.3.MemInc=DMA_MINC_DISABLE
Dma.TIM1_CH4/TRIG/COM.3.Mode=DMA_CIRCULAR
Dma.TIM1_CH4/TRIG/COM.3.PeriphDataAlignment=DMA_PDATAALIGN_BYTE
Dma.TIM1_CH4/TRIG/COM.3.PeriphInc=DMA_PINC_DISABLE
Dma.TIM1_CH4/TRIG/COM.3.Priority=DMA_PRIORITY_VERY_HIGH
Dma.TIM1_CH4/TRIG/COM.3.RequestParameters=Instance,Direction,PeriphInc,MemInc,PeriphDataAlignment,MemDataAlignment,Mode,Priority
Dma.USART1_RX.4.Direction=DMA_PERIPH_TO_MEMORY
Dma.USART1_RX.4.Instance=DMA1_Channel5
Dma.USART1_RX.4.MemDataAlignment=DMA_MDATAALIGN_BYTE
Dma.USART1_RX.4.MemInc=DMA_MINC_ENABLE
Dma.USART1_RX.4.Mode=DMA_CIRCULAR
Dma.USART1_RX.4.PeriphDataAlignment=DMA_PDATAALIGN_BYTE
Dma.USART1_RX.4.PeriphInc=DMA_PINC_DISABLE
Dma.USART1_RX.4.Priority=DMA_PRIORITY_LOW
Dma.USART1_RX.4.RequestParameters=Instance,Direction,PeriphInc,MemInc,PeriphDataAlignment,MemDataAlignment,Mode,Priority
File.Version=6
KeepUserPlacement=false
LPTIM2.IPParameters=OutputPolarity
LPTIM2.OutputPolarity=LPTIM_OUTPUTPOLARITY_LOW
Mcu.CPN=STM32L432KBU6
Mcu.Family=STM32L4
Mcu.IP0=CRC
Mcu.IP1=DMA
Mcu.IP10=TIM16
Mcu.IP11=USART1
Mcu.IP2=LPTIM2
Mcu.IP3=NVIC
Mcu.IP4=RCC
Mcu.IP5=SPI1
Mcu.IP6=SYS
Mcu.IP7=TIM1
Mcu.IP8=TIM2
Mcu.IP9=TIM15
Mcu.IPNb=12
Mcu.Name=STM32L432K(B-C)Ux
Mcu.Package=UFQFPN32
Mcu.Pin0=PA0
Mcu.Pin1=PA1
Mcu.Pin10=PA13 (JTMS-SWDIO)
Mcu.Pin11=PA14 (JTCK-SWCLK)
Mcu.Pin12=PA15 (JTDI)
Mcu.Pin13=PB3 (JTDO-TRACESWO)
Mcu.Pin14=PB4 (NJTRST)
Mcu.Pin15=PB5
Mcu.Pin16=PB6
Mcu.Pin17=PB7
Mcu.Pin18=VP_CRC_VS_CRC
Mcu.Pin19=VP_LPTIM2_VS_LPTIM_counterModeInternalClock
Mcu.Pin2=PA2
Mcu.Pin20=VP_SYS_VS_Systick
Mcu.Pin21=VP_TIM1_VS_ControllerModeGated
Mcu.Pin22=VP_TIM1_VS_ClockSourceINT
Mcu.Pin23=VP_TIM1_VS_ClockSourceITR
Mcu.Pin24=VP_TIM1_VS_no_output1
Mcu.Pin25=VP_TIM1_VS_no_output2
Mcu.Pin26=VP_TIM1_VS_no_output3
Mcu.Pin27=VP_TIM1_VS_no_output4
Mcu.Pin28=VP_TIM1_VS_no_output6
Mcu.Pin29=VP_TIM15_VS_ClockSourceINT
Mcu.Pin3=PA3
Mcu.Pin30=VP_TIM15_VS_no_output1
Mcu.Pin31=VP_TIM15_VS_OPM
Mcu.Pin32=VP_TIM16_VS_ClockSourceINT
Mcu.Pin33=VP_TIM16_VS_OPM
Mcu.Pin4=PA4
Mcu.Pin5=PA5
Mcu.Pin6=PA6
Mcu.Pin7=PA7
Mcu.Pin8=PA8
Mcu.Pin9=PA9
Mcu.PinsNb=34
Mcu.ThirdPartyNb=0
Mcu.UserConstants=
Mcu.UserName=STM32L432KBUx
MxCube.Version=6.1.1
MxDb.Version=DB.6.0.10
NVIC.BusFault_IRQn=true\:0\:0\:false\:false\:true\:false\:false\:true
NVIC.DMA1_Channel2_IRQn=true\:0\:0\:false\:false\:true\:false\:true\:true
NVIC.DMA1_Channel3_IRQn=true\:0\:0\:false\:false\:true\:false\:true\:true
NVIC.DMA1_Channel4_IRQn=true\:0\:0\:false\:false\:true\:false\:true\:true
NVIC.DMA1_Channel5_IRQn=true\:0\:0\:false\:false\:true\:false\:true\:true
NVIC.DMA1_Channel7_IRQn=true\:0\:0\:false\:false\:true\:false\:true\:true
NVIC.DMA2_Channel3_IRQn=true\:0\:0\:false\:false\:true\:false\:true\:true
NVIC.DebugMonitor_IRQn=true\:0\:0\:false\:false\:true\:false\:false\:true
NVIC.ForceEnableDMAVector=true
NVIC.HardFault_IRQn=true\:0\:0\:false\:false\:true\:false\:false\:true
NVIC.MemoryManagement_IRQn=true\:0\:0\:false\:false\:true\:false\:false\:true
NVIC.NonMaskableInt_IRQn=true\:0\:0\:false\:false\:true\:false\:false\:true
NVIC.PendSV_IRQn=true\:0\:0\:false\:false\:true\:false\:false\:true
NVIC.PriorityGroup=NVIC_PRIORITYGROUP_4
NVIC.SVCall_IRQn=true\:0\:0\:false\:false\:true\:false\:false\:true
NVIC.SysTick_IRQn=true\:0\:0\:false\:false\:true\:false\:true\:true
NVIC.USART1_IRQn=true\:0\:0\:false\:false\:true\:true\:true\:true
NVIC.UsageFault_IRQn=true\:0\:0\:false\:false\:true\:false\:false\:true
PA0.GPIOParameters=GPIO_Speed
PA0.GPIO_Speed=GPIO_SPEED_FREQ_HIGH
PA0.Locked=true
PA0.Signal=GPIO_Output
PA1.GPIOParameters=GPIO_Speed
PA1.GPIO_Speed=GPIO_SPEED_FREQ_HIGH
PA1.Locked=true
PA1.Signal=GPIO_Output
PA13\ (JTMS-SWDIO).Mode=Serial_Wire
PA13\ (JTMS-SWDIO).Signal=SYS_JTMS-SWDIO
PA14\ (JTCK-SWCLK).Mode=Serial_Wire
PA14\ (JTCK-SWCLK).Signal=SYS_JTCK-SWCLK
PA15\ (JTDI).GPIOParameters=GPIO_Speed
PA15\ (JTDI).GPIO_Speed=GPIO_SPEED_FREQ_MEDIUM
PA15\ (JTDI).Signal=S_TIM2_CH1
PA2.GPIOParameters=GPIO_Speed
PA2.GPIO_Speed=GPIO_SPEED_FREQ_HIGH
PA2.Locked=true
PA2.Signal=GPIO_Output
PA3.GPIOParameters=GPIO_Speed
PA3.GPIO_Speed=GPIO_SPEED_FREQ_HIGH
PA3.Locked=true
PA3.Signal=GPIO_Output
PA4.GPIOParameters=GPIO_Speed
PA4.GPIO_Speed=GPIO_SPEED_FREQ_HIGH
PA4.Locked=true
PA4.Signal=GPIO_Output
PA5.GPIOParameters=GPIO_Speed
PA5.GPIO_Speed=GPIO_SPEED_FREQ_HIGH
PA5.Locked=true
PA5.Signal=GPIO_Output
PA6.GPIOParameters=GPIO_Speed
PA6.GPIO_Speed=GPIO_SPEED_FREQ_HIGH
PA6.Locked=true
PA6.Signal=GPIO_Output
PA7.GPIOParameters=GPIO_Speed
PA7.GPIO_Speed=GPIO_SPEED_FREQ_HIGH
PA7.Locked=true
PA7.Signal=GPIO_Output
PA8.GPIOParameters=GPIO_Speed
PA8.GPIO_Speed=GPIO_SPEED_FREQ_MEDIUM
PA8.Mode=WaveformGeneration
PA8.Signal=LPTIM2_OUT
PA9.Mode=Half_duplex(single_wire_mode)
PA9.Signal=USART1_TX
PB3\ (JTDO-TRACESWO).Locked=true
PB3\ (JTDO-TRACESWO).Mode=Simplex_Bidirectional_Slave
PB3\ (JTDO-TRACESWO).Signal=SPI1_SCK
PB4\ (NJTRST).Locked=true
PB4\ (NJTRST).Mode=Simplex_Bidirectional_Slave
PB4\ (NJTRST).Signal=SPI1_MISO
PB5.GPIOParameters=GPIO_PuPd
PB5.GPIO_PuPd=GPIO_PULLUP
PB5.Locked=true
PB5.Signal=GPIO_Input
PB6.GPIOParameters=GPIO_PuPd
PB6.GPIO_PuPd=GPIO_PULLUP
PB6.Locked=true
PB6.Signal=GPIO_Input
PB7.GPIOParameters=GPIO_PuPd
PB7.GPIO_PuPd=GPIO_PULLUP
PB7.Locked=true
PB7.Signal=GPIO_Input
PinOutPanel.RotationAngle=0
ProjectManager.AskForMigrate=true
ProjectManager.BackupPrevious=false
ProjectManager.CompilerOptimize=6
ProjectManager.ComputerToolchain=false
ProjectManager.CoupleFile=false
ProjectManager.CustomerFirmwarePackage=
ProjectManager.DefaultFWLocation=true
ProjectManager.DeletePrevious=true
ProjectManager.DeviceId=STM32L432KBUx
ProjectManager.FirmwarePackage=STM32Cube FW_L4 V1.16.0
ProjectManager.FreePins=false
ProjectManager.HalAssertFull=false
ProjectManager.HeapSize=0x200
ProjectManager.KeepUserCode=true
ProjectManager.LastFirmware=true
ProjectManager.LibraryCopy=1
ProjectManager.MainLocation=Core/Src
ProjectManager.NoMain=false
ProjectManager.PreviousToolchain=
ProjectManager.ProjectBuild=false
ProjectManager.ProjectFileName=outputexpander3.ioc
ProjectManager.ProjectName=outputexpander3
ProjectManager.RegisterCallBack=
ProjectManager.StackSize=0x400
ProjectManager.TargetToolchain=STM32CubeIDE
ProjectManager.ToolChainLocation=
ProjectManager.UnderRoot=true
ProjectManager.functionlistsort=1-MX_GPIO_Init-GPIO-false-LL-true,2-MX_DMA_Init-DMA-false-LL-true,3-SystemClock_Config-RCC-false-LL-false,4-MX_CRC_Init-CRC-false-LL-true,5-MX_USART1_UART_Init-USART1-false-LL-true,6-MX_TIM1_Init-TIM1-false-LL-true,7-MX_TIM15_Init-TIM15-false-LL-true,8-MX_TIM2_Init-TIM2-false-LL-true,9-MX_LPTIM2_Init-LPTIM2-false-LL-true,10-MX_SPI1_Init-SPI1-false-LL-true,11-MX_TIM16_Init-TIM16-false-LL-true
RCC.ADCFreq_Value=64000000
RCC.AHBFreq_Value=80000000
RCC.APB1Freq_Value=80000000
RCC.APB1TimFreq_Value=80000000
RCC.APB2Freq_Value=80000000
RCC.APB2TimFreq_Value=80000000
RCC.CK48CLockSelection=RCC_USBCLKSOURCE_HSI48
RCC.CortexFreq_Value=80000000
RCC.FCLKCortexFreq_Value=80000000
RCC.FamilyName=M
RCC.HCLKFreq_Value=80000000
RCC.HSE_VALUE=8000000
RCC.HSI48_VALUE=48000000
RCC.HSI_VALUE=16000000
RCC.I2C1Freq_Value=80000000
RCC.I2C3Freq_Value=80000000
RCC.IPParameters=ADCFreq_Value,AHBFreq_Value,APB1Freq_Value,APB1TimFreq_Value,APB2Freq_Value,APB2TimFreq_Value,CK48CLockSelection,CortexFreq_Value,FCLKCortexFreq_Value,FamilyName,HCLKFreq_Value,HSE_VALUE,HSI48_VALUE,HSI_VALUE,I2C1Freq_Value,I2C3Freq_Value,LPTIM1Freq_Value,LPTIM2Freq_Value,LPUART1Freq_Value,LSCOPinFreq_Value,LSE_VALUE,LSI_VALUE,MCO1PinFreq_Value,MSI_VALUE,PLLN,PLLPoutputFreq_Value,PLLQoutputFreq_Value,PLLRCLKFreq_Value,PLLSAI1PoutputFreq_Value,PLLSAI1Q,PLLSAI1QoutputFreq_Value,PLLSAI1RoutputFreq_Value,PLLSourceVirtual,PREFETCH_ENABLE,PWRFreq_Value,RNGFreq_Value,SAI1Freq_Value,SWPMI1Freq_Value,SYSCLKFreq_VALUE,SYSCLKSource,USART1Freq_Value,USART2Freq_Value,USBFreq_Value,VCOInputFreq_Value,VCOOutputFreq_Value,VCOSAI1OutputFreq_Value
RCC.LPTIM1Freq_Value=80000000
RCC.LPTIM2Freq_Value=80000000
RCC.LPUART1Freq_Value=80000000
RCC.LSCOPinFreq_Value=32000
RCC.LSE_VALUE=32768
RCC.LSI_VALUE=32000
RCC.MCO1PinFreq_Value=80000000
RCC.MSI_VALUE=4000000
RCC.PLLN=10
RCC.PLLPoutputFreq_Value=22857142.85714286
RCC.PLLQoutputFreq_Value=80000000
RCC.PLLRCLKFreq_Value=80000000
RCC.PLLSAI1PoutputFreq_Value=18285714.285714287
RCC.PLLSAI1Q=RCC_PLLQ_DIV4
RCC.PLLSAI1QoutputFreq_Value=32000000
RCC.PLLSAI1RoutputFreq_Value=64000000
RCC.PLLSourceVirtual=RCC_PLLSOURCE_HSI
RCC.PREFETCH_ENABLE=1
RCC.PWRFreq_Value=80000000
RCC.RNGFreq_Value=48000000
RCC.SAI1Freq_Value=18285714.285714287
RCC.SWPMI1Freq_Value=80000000
RCC.SYSCLKFreq_VALUE=80000000
RCC.SYSCLKSource=RCC_SYSCLKSOURCE_PLLCLK
RCC.USART1Freq_Value=80000000
RCC.USART2Freq_Value=80000000
RCC.USBFreq_Value=48000000
RCC.VCOInputFreq_Value=16000000
RCC.VCOOutputFreq_Value=160000000
RCC.VCOSAI1OutputFreq_Value=128000000
SH.S_TIM2_CH1.0=TIM2_CH1,PWM Generation1 CH1
SH.S_TIM2_CH1.ConfNb=1
SPI1.DataSize=SPI_DATASIZE_8BIT
SPI1.Direction=SPI_DIRECTION_1LINE
SPI1.IPParameters=VirtualType,Mode,Direction,DataSize
SPI1.Mode=SPI_MODE_SLAVE
SPI1.VirtualType=VM_SLAVE
TIM1.Channel-Output\ Compare1\ No\ Output=TIM_CHANNEL_1
TIM1.Channel-Output\ Compare2\ No\ Output=TIM_CHANNEL_2
TIM1.Channel-Output\ Compare3\ No\ Output=TIM_CHANNEL_3
TIM1.Channel-Output\ Compare4\ No\ Output=TIM_CHANNEL_4
TIM1.Channel-Output\ Compare6\ No\ Output=TIM_CHANNEL_6
TIM1.IPParameters=Channel-Output Compare1 No Output,Channel-Output Compare2 No Output,Channel-Output Compare3 No Output,Channel-Output Compare4 No Output,Channel-Output Compare6 No Output,Period
TIM1.Period=99
TIM15.Channel-Output\ Compare1\ No\ Output=TIM_CHANNEL_1
TIM15.IPParameters=Channel-Output Compare1 No Output,TIM_MasterOutputTrigger,OCMode_1,Prescaler,Pulse-Output Compare1 No Output,OC1Preload,TIM_MasterSlaveMode
TIM15.OC1Preload=ENABLE
TIM15.OCMode_1=TIM_OCMODE_ACTIVE
TIM15.Prescaler=99
TIM15.Pulse-Output\ Compare1\ No\ Output=1
TIM15.TIM_MasterOutputTrigger=TIM_TRGO_OC1REF
TIM15.TIM_MasterSlaveMode=TIM_MASTERSLAVEMODE_ENABLE
TIM16.IPParameters=Prescaler
TIM16.Prescaler=79
TIM2.Channel-PWM\ Generation1\ CH1=TIM_CHANNEL_1
TIM2.IPParameters=Channel-PWM Generation1 CH1,Period,Prescaler
TIM2.Period=65535
TIM2.Prescaler=0
USART1.BaudRate=2000000
USART1.IPParameters=VirtualMode-Half_duplex(single_wire_mode),BaudRate
USART1.VirtualMode-Half_duplex(single_wire_mode)=VM_ASYNC
VP_CRC_VS_CRC.Mode=CRC_Activate
VP_CRC_VS_CRC.Signal=CRC_VS_CRC
VP_LPTIM2_VS_LPTIM_counterModeInternalClock.Mode=Counts__internal_clock_event_00
VP_LPTIM2_VS_LPTIM_counterModeInternalClock.Signal=LPTIM2_VS_LPTIM_counterModeInternalClock
VP_SYS_VS_Systick.Mode=SysTick
VP_SYS_VS_Systick.Signal=SYS_VS_Systick
VP_TIM15_VS_ClockSourceINT.Mode=Internal
VP_TIM15_VS_ClockSourceINT.Signal=TIM15_VS_ClockSourceINT
VP_TIM15_VS_OPM.Mode=OPM_bit
VP_TIM15_VS_OPM.Signal=TIM15_VS_OPM
VP_TIM15_VS_no_output1.Mode=Output Compare1 No Output
VP_TIM15_VS_no_output1.Signal=TIM15_VS_no_output1
VP_TIM16_VS_ClockSourceINT.Mode=Enable_Timer
VP_TIM16_VS_ClockSourceINT.Signal=TIM16_VS_ClockSourceINT
VP_TIM16_VS_OPM.Mode=OPM_bit
VP_TIM16_VS_OPM.Signal=TIM16_VS_OPM
VP_TIM1_VS_ClockSourceINT.Mode=Internal
VP_TIM1_VS_ClockSourceINT.Signal=TIM1_VS_ClockSourceINT
VP_TIM1_VS_ClockSourceITR.Mode=TriggerSource_ITR0
VP_TIM1_VS_ClockSourceITR.Signal=TIM1_VS_ClockSourceITR
VP_TIM1_VS_ControllerModeGated.Mode=Gated Mode
VP_TIM1_VS_ControllerModeGated.Signal=TIM1_VS_ControllerModeGated
VP_TIM1_VS_no_output1.Mode=Output Compare1 No Output
VP_TIM1_VS_no_output1.Signal=TIM1_VS_no_output1
VP_TIM1_VS_no_output2.Mode=Output Compare2 No Output
VP_TIM1_VS_no_output2.Signal=TIM1_VS_no_output2
VP_TIM1_VS_no_output3.Mode=Output Compare3 No Output
VP_TIM1_VS_no_output3.Signal=TIM1_VS_no_output3
VP_TIM1_VS_no_output4.Mode=Output Compare4 No Output
VP_TIM1_VS_no_output4.Signal=TIM1_VS_no_output4
VP_TIM1_VS_no_output6.Mode=Output Compare6 No Output
VP_TIM1_VS_no_output6.Signal=TIM1_VS_no_output6
board=custom
